// !$*UTF8*$!
{
	archiveVersion = 1;
	classes = {
	};
	objectVersion = 56;
	objects = {

/* Begin PBXBuildFile section */
		A4A0286D29BA334600AADF19 /* pigeonApp.swift in Sources */ = {isa = PBXBuildFile; fileRef = A4A0286C29BA334600AADF19 /* pigeonApp.swift */; };
		A4A0286F29BA334600AADF19 /* ContentView.swift in Sources */ = {isa = PBXBuildFile; fileRef = A4A0286E29BA334600AADF19 /* ContentView.swift */; };
		A4A0287129BA334900AADF19 /* Assets.xcassets in Resources */ = {isa = PBXBuildFile; fileRef = A4A0287029BA334900AADF19 /* Assets.xcassets */; };
		A4A0287429BA334900AADF19 /* Preview Assets.xcassets in Resources */ = {isa = PBXBuildFile; fileRef = A4A0287329BA334900AADF19 /* Preview Assets.xcassets */; };
		A4A0289C29BA474800AADF19 /* App.xcframework in Frameworks */ = {isa = PBXBuildFile; fileRef = A4A0289429BA46E500AADF19 /* App.xcframework */; };
		A4A0289D29BA474800AADF19 /* App.xcframework in Embed Frameworks */ = {isa = PBXBuildFile; fileRef = A4A0289429BA46E500AADF19 /* App.xcframework */; settings = {ATTRIBUTES = (CodeSignOnCopy, RemoveHeadersOnCopy, ); }; };
		A4A0289F29BA474A00AADF19 /* Flutter.xcframework in Frameworks */ = {isa = PBXBuildFile; fileRef = A4A0289529BA46E500AADF19 /* Flutter.xcframework */; };
		A4A028A029BA474A00AADF19 /* Flutter.xcframework in Embed Frameworks */ = {isa = PBXBuildFile; fileRef = A4A0289529BA46E500AADF19 /* Flutter.xcframework */; settings = {ATTRIBUTES = (CodeSignOnCopy, RemoveHeadersOnCopy, ); }; };
		A4A028A129BA474B00AADF19 /* FlutterPluginRegistrant.xcframework in Frameworks */ = {isa = PBXBuildFile; fileRef = A4A0289729BA46E500AADF19 /* FlutterPluginRegistrant.xcframework */; };
		A4A028A229BA474B00AADF19 /* FlutterPluginRegistrant.xcframework in Embed Frameworks */ = {isa = PBXBuildFile; fileRef = A4A0289729BA46E500AADF19 /* FlutterPluginRegistrant.xcframework */; settings = {ATTRIBUTES = (CodeSignOnCopy, RemoveHeadersOnCopy, ); }; };
		A4A028A329BA474D00AADF19 /* webview_flutter_wkwebview.xcframework in Frameworks */ = {isa = PBXBuildFile; fileRef = A4A0289629BA46E500AADF19 /* webview_flutter_wkwebview.xcframework */; };
		A4A028A429BA474D00AADF19 /* webview_flutter_wkwebview.xcframework in Embed Frameworks */ = {isa = PBXBuildFile; fileRef = A4A0289629BA46E500AADF19 /* webview_flutter_wkwebview.xcframework */; settings = {ATTRIBUTES = (CodeSignOnCopy, RemoveHeadersOnCopy, ); }; };
		A4A028A629BA4A3B00AADF19 /* param_api.swift in Sources */ = {isa = PBXBuildFile; fileRef = A4A028A529BA4A3B00AADF19 /* param_api.swift */; };
/* End PBXBuildFile section */

/* Begin PBXCopyFilesBuildPhase section */
		A4A0289E29BA474800AADF19 /* Embed Frameworks */ = {
			isa = PBXCopyFilesBuildPhase;
			buildActionMask = 2147483647;
			dstPath = "";
			dstSubfolderSpec = 10;
			files = (
				A4A028A429BA474D00AADF19 /* webview_flutter_wkwebview.xcframework in Embed Frameworks */,
				A4A028A029BA474A00AADF19 /* Flutter.xcframework in Embed Frameworks */,
				A4A028A229BA474B00AADF19 /* FlutterPluginRegistrant.xcframework in Embed Frameworks */,
				A4A0289D29BA474800AADF19 /* App.xcframework in Embed Frameworks */,
			);
			name = "Embed Frameworks";
			runOnlyForDeploymentPostprocessing = 0;
		};
/* End PBXCopyFilesBuildPhase section */

/* Begin PBXFileReference section */
		A4A0286929BA334600AADF19 /* pigeon.app */ = {isa = PBXFileReference; explicitFileType = wrapper.application; includeInIndex = 0; path = pigeon.app; sourceTree = BUILT_PRODUCTS_DIR; };
		A4A0286C29BA334600AADF19 /* pigeonApp.swift */ = {isa = PBXFileReference; lastKnownFileType = sourcecode.swift; path = pigeonApp.swift; sourceTree = "<group>"; };
		A4A0286E29BA334600AADF19 /* ContentView.swift */ = {isa = PBXFileReference; lastKnownFileType = sourcecode.swift; path = ContentView.swift; sourceTree = "<group>"; };
		A4A0287029BA334900AADF19 /* Assets.xcassets */ = {isa = PBXFileReference; lastKnownFileType = folder.assetcatalog; path = Assets.xcassets; sourceTree = "<group>"; };
		A4A0287329BA334900AADF19 /* Preview Assets.xcassets */ = {isa = PBXFileReference; lastKnownFileType = folder.assetcatalog; path = "Preview Assets.xcassets"; sourceTree = "<group>"; };
		A4A0287A29BA3D4F00AADF19 /* App.xcframework */ = {isa = PBXFileReference; lastKnownFileType = wrapper.xcframework; name = App.xcframework; path = ../flutter/build/ios/framework/Debug/App.xcframework; sourceTree = "<group>"; };
		A4A0289429BA46E500AADF19 /* App.xcframework */ = {isa = PBXFileReference; lastKnownFileType = wrapper.xcframework; name = App.xcframework; path = Flutter/Release/App.xcframework; sourceTree = "<group>"; };
		A4A0289529BA46E500AADF19 /* Flutter.xcframework */ = {isa = PBXFileReference; lastKnownFileType = wrapper.xcframework; name = Flutter.xcframework; path = Flutter/Release/Flutter.xcframework; sourceTree = "<group>"; };
		A4A0289629BA46E500AADF19 /* webview_flutter_wkwebview.xcframework */ = {isa = PBXFileReference; lastKnownFileType = wrapper.xcframework; name = webview_flutter_wkwebview.xcframework; path = Flutter/Release/webview_flutter_wkwebview.xcframework; sourceTree = "<group>"; };
		A4A0289729BA46E500AADF19 /* FlutterPluginRegistrant.xcframework */ = {isa = PBXFileReference; lastKnownFileType = wrapper.xcframework; name = FlutterPluginRegistrant.xcframework; path = Flutter/Release/FlutterPluginRegistrant.xcframework; sourceTree = "<group>"; };
		A4A028A529BA4A3B00AADF19 /* param_api.swift */ = {isa = PBXFileReference; fileEncoding = 4; lastKnownFileType = sourcecode.swift; path = param_api.swift; sourceTree = "<group>"; };
/* End PBXFileReference section */

/* Begin PBXFrameworksBuildPhase section */
		A4A0286629BA334600AADF19 /* Frameworks */ = {
			isa = PBXFrameworksBuildPhase;
			buildActionMask = 2147483647;
			files = (
				A4A028A329BA474D00AADF19 /* webview_flutter_wkwebview.xcframework in Frameworks */,
				A4A0289F29BA474A00AADF19 /* Flutter.xcframework in Frameworks */,
				A4A028A129BA474B00AADF19 /* FlutterPluginRegistrant.xcframework in Frameworks */,
				A4A0289C29BA474800AADF19 /* App.xcframework in Frameworks */,
			);
			runOnlyForDeploymentPostprocessing = 0;
		};
/* End PBXFrameworksBuildPhase section */

/* Begin PBXGroup section */
		A4A0286029BA334500AADF19 = {
			isa = PBXGroup;
			children = (
				A4A0287A29BA3D4F00AADF19 /* App.xcframework */,
				A4A0286B29BA334600AADF19 /* pigeon */,
				A4A0286A29BA334600AADF19 /* Products */,
				A4A0287C29BA442C00AADF19 /* Frameworks */,
			);
			sourceTree = "<group>";
		};
		A4A0286A29BA334600AADF19 /* Products */ = {
			isa = PBXGroup;
			children = (
				A4A0286929BA334600AADF19 /* pigeon.app */,
			);
			name = Products;
			sourceTree = "<group>";
		};
		A4A0286B29BA334600AADF19 /* pigeon */ = {
			isa = PBXGroup;
			children = (
				A4A0286C29BA334600AADF19 /* pigeonApp.swift */,
				A4A0286E29BA334600AADF19 /* ContentView.swift */,
				A4A028A529BA4A3B00AADF19 /* param_api.swift */,
				A4A0287029BA334900AADF19 /* Assets.xcassets */,
				A4A0287229BA334900AADF19 /* Preview Content */,
			);
			path = pigeon;
			sourceTree = "<group>";
		};
		A4A0287229BA334900AADF19 /* Preview Content */ = {
			isa = PBXGroup;
			children = (
				A4A0287329BA334900AADF19 /* Preview Assets.xcassets */,
			);
			path = "Preview Content";
			sourceTree = "<group>";
		};
		A4A0287C29BA442C00AADF19 /* Frameworks */ = {
			isa = PBXGroup;
			children = (
				A4A0289429BA46E500AADF19 /* App.xcframework */,
				A4A0289529BA46E500AADF19 /* Flutter.xcframework */,
				A4A0289729BA46E500AADF19 /* FlutterPluginRegistrant.xcframework */,
				A4A0289629BA46E500AADF19 /* webview_flutter_wkwebview.xcframework */,
			);
			name = Frameworks;
			sourceTree = "<group>";
		};
/* End PBXGroup section */

/* Begin PBXNativeTarget section */
		A4A0286829BA334600AADF19 /* pigeon */ = {
			isa = PBXNativeTarget;
			buildConfigurationList = A4A0287729BA334900AADF19 /* Build configuration list for PBXNativeTarget "pigeon" */;
			buildPhases = (
				A4A0286529BA334600AADF19 /* Sources */,
				A4A0286629BA334600AADF19 /* Frameworks */,
				A4A0286729BA334600AADF19 /* Resources */,
				A4A0289E29BA474800AADF19 /* Embed Frameworks */,
			);
			buildRules = (
			);
			dependencies = (
			);
			name = pigeon;
			productName = pigeon;
			productReference = A4A0286929BA334600AADF19 /* pigeon.app */;
			productType = "com.apple.product-type.application";
		};
/* End PBXNativeTarget section */

/* Begin PBXProject section */
		A4A0286129BA334500AADF19 /* Project object */ = {
			isa = PBXProject;
			attributes = {
				BuildIndependentTargetsInParallel = 1;
				LastSwiftUpdateCheck = 1420;
				LastUpgradeCheck = 1420;
				TargetAttributes = {
					A4A0286829BA334600AADF19 = {
						CreatedOnToolsVersion = 14.2;
					};
				};
			};
			buildConfigurationList = A4A0286429BA334500AADF19 /* Build configuration list for PBXProject "pigeon" */;
			compatibilityVersion = "Xcode 14.0";
			developmentRegion = en;
			hasScannedForEncodings = 0;
			knownRegions = (
				en,
				Base,
			);
			mainGroup = A4A0286029BA334500AADF19;
			productRefGroup = A4A0286A29BA334600AADF19 /* Products */;
			projectDirPath = "";
			projectRoot = "";
			targets = (
				A4A0286829BA334600AADF19 /* pigeon */,
			);
		};
/* End PBXProject section */

/* Begin PBXResourcesBuildPhase section */
		A4A0286729BA334600AADF19 /* Resources */ = {
			isa = PBXResourcesBuildPhase;
			buildActionMask = 2147483647;
			files = (
				A4A0287429BA334900AADF19 /* Preview Assets.xcassets in Resources */,
				A4A0287129BA334900AADF19 /* Assets.xcassets in Resources */,
			);
			runOnlyForDeploymentPostprocessing = 0;
		};
/* End PBXResourcesBuildPhase section */

/* Begin PBXSourcesBuildPhase section */
		A4A0286529BA334600AADF19 /* Sources */ = {
			isa = PBXSourcesBuildPhase;
			buildActionMask = 2147483647;
			files = (
				A4A028A629BA4A3B00AADF19 /* param_api.swift in Sources */,
				A4A0286F29BA334600AADF19 /* ContentView.swift in Sources */,
				A4A0286D29BA334600AADF19 /* pigeonApp.swift in Sources */,
			);
			runOnlyForDeploymentPostprocessing = 0;
		};
/* End PBXSourcesBuildPhase section */

/* Begin XCBuildConfiguration section */
		A4A0287529BA334900AADF19 /* Debug */ = {
			isa = XCBuildConfiguration;
			buildSettings = {
				ALWAYS_SEARCH_USER_PATHS = NO;
				CLANG_ANALYZER_NONNULL = YES;
				CLANG_ANALYZER_NUMBER_OBJECT_CONVERSION = YES_AGGRESSIVE;
				CLANG_CXX_LANGUAGE_STANDARD = "gnu++20";
				CLANG_ENABLE_MODULES = YES;
				CLANG_ENABLE_OBJC_ARC = YES;
				CLANG_ENABLE_OBJC_WEAK = YES;
				CLANG_WARN_BLOCK_CAPTURE_AUTORELEASING = YES;
				CLANG_WARN_BOOL_CONVERSION = YES;
				CLANG_WARN_COMMA = YES;
				CLANG_WARN_CONSTANT_CONVERSION = YES;
				CLANG_WARN_DEPRECATED_OBJC_IMPLEMENTATIONS = YES;
				CLANG_WARN_DIRECT_OBJC_ISA_USAGE = YES_ERROR;
				CLANG_WARN_DOCUMENTATION_COMMENTS = YES;
				CLANG_WARN_EMPTY_BODY = YES;
				CLANG_WARN_ENUM_CONVERSION = YES;
				CLANG_WARN_INFINITE_RECURSION = YES;
				CLANG_WARN_INT_CONVERSION = YES;
				CLANG_WARN_NON_LITERAL_NULL_CONVERSION = YES;
				CLANG_WARN_OBJC_IMPLICIT_RETAIN_SELF = YES;
				CLANG_WARN_OBJC_LITERAL_CONVERSION = YES;
				CLANG_WARN_OBJC_ROOT_CLASS = YES_ERROR;
				CLANG_WARN_QUOTED_INCLUDE_IN_FRAMEWORK_HEADER = YES;
				CLANG_WARN_RANGE_LOOP_ANALYSIS = YES;
				CLANG_WARN_STRICT_PROTOTYPES = YES;
				CLANG_WARN_SUSPICIOUS_MOVE = YES;
				CLANG_WARN_UNGUARDED_AVAILABILITY = YES_AGGRESSIVE;
				CLANG_WARN_UNREACHABLE_CODE = YES;
				CLANG_WARN__DUPLICATE_METHOD_MATCH = YES;
				COPY_PHASE_STRIP = NO;
				DEBUG_INFORMATION_FORMAT = dwarf;
				ENABLE_STRICT_OBJC_MSGSEND = YES;
				ENABLE_TESTABILITY = YES;
				GCC_C_LANGUAGE_STANDARD = gnu11;
				GCC_DYNAMIC_NO_PIC = NO;
				GCC_NO_COMMON_BLOCKS = YES;
				GCC_OPTIMIZATION_LEVEL = 0;
				GCC_PREPROCESSOR_DEFINITIONS = (
					"DEBUG=1",
					"$(inherited)",
				);
				GCC_WARN_64_TO_32_BIT_CONVERSION = YES;
				GCC_WARN_ABOUT_RETURN_TYPE = YES_ERROR;
				GCC_WARN_UNDECLARED_SELECTOR = YES;
				GCC_WARN_UNINITIALIZED_AUTOS = YES_AGGRESSIVE;
				GCC_WARN_UNUSED_FUNCTION = YES;
				GCC_WARN_UNUSED_VARIABLE = YES;
				IPHONEOS_DEPLOYMENT_TARGET = 16.2;
				MTL_ENABLE_DEBUG_INFO = INCLUDE_SOURCE;
				MTL_FAST_MATH = YES;
				ONLY_ACTIVE_ARCH = YES;
				SDKROOT = iphoneos;
				SWIFT_ACTIVE_COMPILATION_CONDITIONS = DEBUG;
				SWIFT_OPTIMIZATION_LEVEL = "-Onone";
			};
			name = Debug;
		};
		A4A0287629BA334900AADF19 /* Release */ = {
			isa = XCBuildConfiguration;
			buildSettings = {
				ALWAYS_SEARCH_USER_PATHS = NO;
				CLANG_ANALYZER_NONNULL = YES;
				CLANG_ANALYZER_NUMBER_OBJECT_CONVERSION = YES_AGGRESSIVE;
				CLANG_CXX_LANGUAGE_STANDARD = "gnu++20";
				CLANG_ENABLE_MODULES = YES;
				CLANG_ENABLE_OBJC_ARC = YES;
				CLANG_ENABLE_OBJC_WEAK = YES;
				CLANG_WARN_BLOCK_CAPTURE_AUTORELEASING = YES;
				CLANG_WARN_BOOL_CONVERSION = YES;
				CLANG_WARN_COMMA = YES;
				CLANG_WARN_CONSTANT_CONVERSION = YES;
				CLANG_WARN_DEPRECATED_OBJC_IMPLEMENTATIONS = YES;
				CLANG_WARN_DIRECT_OBJC_ISA_USAGE = YES_ERROR;
				CLANG_WARN_DOCUMENTATION_COMMENTS = YES;
				CLANG_WARN_EMPTY_BODY = YES;
				CLANG_WARN_ENUM_CONVERSION = YES;
				CLANG_WARN_INFINITE_RECURSION = YES;
				CLANG_WARN_INT_CONVERSION = YES;
				CLANG_WARN_NON_LITERAL_NULL_CONVERSION = YES;
				CLANG_WARN_OBJC_IMPLICIT_RETAIN_SELF = YES;
				CLANG_WARN_OBJC_LITERAL_CONVERSION = YES;
				CLANG_WARN_OBJC_ROOT_CLASS = YES_ERROR;
				CLANG_WARN_QUOTED_INCLUDE_IN_FRAMEWORK_HEADER = YES;
				CLANG_WARN_RANGE_LOOP_ANALYSIS = YES;
				CLANG_WARN_STRICT_PROTOTYPES = YES;
				CLANG_WARN_SUSPICIOUS_MOVE = YES;
				CLANG_WARN_UNGUARDED_AVAILABILITY = YES_AGGRESSIVE;
				CLANG_WARN_UNREACHABLE_CODE = YES;
				CLANG_WARN__DUPLICATE_METHOD_MATCH = YES;
				COPY_PHASE_STRIP = NO;
				DEBUG_INFORMATION_FORMAT = "dwarf-with-dsym";
				ENABLE_NS_ASSERTIONS = NO;
				ENABLE_STRICT_OBJC_MSGSEND = YES;
				GCC_C_LANGUAGE_STANDARD = gnu11;
				GCC_NO_COMMON_BLOCKS = YES;
				GCC_WARN_64_TO_32_BIT_CONVERSION = YES;
				GCC_WARN_ABOUT_RETURN_TYPE = YES_ERROR;
				GCC_WARN_UNDECLARED_SELECTOR = YES;
				GCC_WARN_UNINITIALIZED_AUTOS = YES_AGGRESSIVE;
				GCC_WARN_UNUSED_FUNCTION = YES;
				GCC_WARN_UNUSED_VARIABLE = YES;
				IPHONEOS_DEPLOYMENT_TARGET = 16.2;
				MTL_ENABLE_DEBUG_INFO = NO;
				MTL_FAST_MATH = YES;
				SDKROOT = iphoneos;
				SWIFT_COMPILATION_MODE = wholemodule;
				SWIFT_OPTIMIZATION_LEVEL = "-O";
				VALIDATE_PRODUCT = YES;
			};
			name = Release;
		};
		A4A0287829BA334900AADF19 /* Debug */ = {
			isa = XCBuildConfiguration;
			buildSettings = {
				ASSETCATALOG_COMPILER_APPICON_NAME = AppIcon;
				ASSETCATALOG_COMPILER_GLOBAL_ACCENT_COLOR_NAME = AccentColor;
				CODE_SIGN_STYLE = Automatic;
				CURRENT_PROJECT_VERSION = 1;
				DEVELOPMENT_ASSET_PATHS = "\"pigeon/Preview Content\"";
				DEVELOPMENT_TEAM = 22HC7S4W8G;
				ENABLE_PREVIEWS = YES;
				FRAMEWORK_SEARCH_PATHS = "$(PROJECT_DIR)/Flutter/$(CONFIGURATION)";
				GENERATE_INFOPLIST_FILE = YES;
				INFOPLIST_KEY_UIApplicationSceneManifest_Generation = YES;
				INFOPLIST_KEY_UIApplicationSupportsIndirectInputEvents = YES;
				INFOPLIST_KEY_UILaunchScreen_Generation = YES;
				INFOPLIST_KEY_UISupportedInterfaceOrientations_iPad = "UIInterfaceOrientationPortrait UIInterfaceOrientationPortraitUpsideDown UIInterfaceOrientationLandscapeLeft UIInterfaceOrientationLandscapeRight";
				INFOPLIST_KEY_UISupportedInterfaceOrientations_iPhone = "UIInterfaceOrientationPortrait UIInterfaceOrientationLandscapeLeft UIInterfaceOrientationLandscapeRight";
				LD_RUNPATH_SEARCH_PATHS = (
					"$(inherited)",
					"@executable_path/Frameworks",
				);
				MARKETING_VERSION = 1.0;
				PRODUCT_BUNDLE_IDENTIFIER = com.shinnaga.pigeon;
				PRODUCT_NAME = "$(TARGET_NAME)";
				SWIFT_EMIT_LOC_STRINGS = YES;
				SWIFT_VERSION = 5.0;
				TARGETED_DEVICE_FAMILY = "1,2";
			};
			name = Debug;
		};
		A4A0287929BA334900AADF19 /* Release */ = {
			isa = XCBuildConfiguration;
			buildSettings = {
				ASSETCATALOG_COMPILER_APPICON_NAME = AppIcon;
				ASSETCATALOG_COMPILER_GLOBAL_ACCENT_COLOR_NAME = AccentColor;
				CODE_SIGN_STYLE = Automatic;
				CURRENT_PROJECT_VERSION = 1;
				DEVELOPMENT_ASSET_PATHS = "\"pigeon/Preview Content\"";
				DEVELOPMENT_TEAM = 22HC7S4W8G;
				ENABLE_PREVIEWS = YES;
				FRAMEWORK_SEARCH_PATHS = "$(PROJECT_DIR)/Flutter/$(CONFIGURATION)";
				GENERATE_INFOPLIST_FILE = YES;
				INFOPLIST_KEY_UIApplicationSceneManifest_Generation = YES;
				INFOPLIST_KEY_UIApplicationSupportsIndirectInputEvents = YES;
				INFOPLIST_KEY_UILaunchScreen_Generation = YES;
				INFOPLIST_KEY_UISupportedInterfaceOrientations_iPad = "UIInterfaceOrientationPortrait UIInterfaceOrientationPortraitUpsideDown UIInterfaceOrientationLandscapeLeft UIInterfaceOrientationLandscapeRight";
				INFOPLIST_KEY_UISupportedInterfaceOrientations_iPhone = "UIInterfaceOrientationPortrait UIInterfaceOrientationLandscapeLeft UIInterfaceOrientationLandscapeRight";
				LD_RUNPATH_SEARCH_PATHS = (
					"$(inherited)",
					"@executable_path/Frameworks",
				);
				MARKETING_VERSION = 1.0;
				PRODUCT_BUNDLE_IDENTIFIER = com.shinnaga.pigeon;
				PRODUCT_NAME = "$(TARGET_NAME)";
				SWIFT_EMIT_LOC_STRINGS = YES;
				SWIFT_VERSION = 5.0;
				TARGETED_DEVICE_FAMILY = "1,2";
			};
			name = Release;
		};
/* End XCBuildConfiguration section */

/* Begin XCConfigurationList section */
		A4A0286429BA334500AADF19 /* Build configuration list for PBXProject "pigeon" */ = {
			isa = XCConfigurationList;
			buildConfigurations = (
				A4A0287529BA334900AADF19 /* Debug */,
				A4A0287629BA334900AADF19 /* Release */,
			);
			defaultConfigurationIsVisible = 0;
			defaultConfigurationName = Release;
		};
		A4A0287729BA334900AADF19 /* Build configuration list for PBXNativeTarget "pigeon" */ = {
			isa = XCConfigurationList;
			buildConfigurations = (
				A4A0287829BA334900AADF19 /* Debug */,
				A4A0287929BA334900AADF19 /* Release */,
			);
			defaultConfigurationIsVisible = 0;
			defaultConfigurationName = Release;
		};
/* End XCConfigurationList section */
	};
	rootObject = A4A0286129BA334500AADF19 /* Project object */;
}
